
Microsoft Visual Studio Solution File, Format Version 12.00
# Visual Studio 15
Project("{FAE04EC0-301F-11D3-BF4B-00C04F79EFBC}") = "Oculus.Platform", "Oculus.Platform.csproj", "{A406EBD8-919E-BF8A-D137-642DCF2CE1D0}"
EndProject
Project("{FAE04EC0-301F-11D3-BF4B-00C04F79EFBC}") = "Assembly-CSharp", "Assembly-CSharp.csproj", "{67F220F4-95CE-2F33-E222-A20DB70D890B}"
EndProject
Project("{FAE04EC0-301F-11D3-BF4B-00C04F79EFBC}") = "Oculus.Spatializer", "Oculus.Spatializer.csproj", "{053AA93C-6F6D-72EF-C0BA-69D3347C8650}"
EndProject
Project("{FAE04EC0-301F-11D3-BF4B-00C04F79EFBC}") = "Oculus.Interaction", "Oculus.Interaction.csproj", "{FF853BB8-6F3F-5FF2-91BB-BE86B345D054}"
EndProject
Project("{FAE04EC0-301F-11D3-BF4B-00C04F79EFBC}") = "Oculus.VR", "Oculus.VR.csproj", "{40D9417A-3AF6-A3BF-12C2-BAF7DAAD6E11}"
EndProject
Project("{FAE04EC0-301F-11D3-BF4B-00C04F79EFBC}") = "Oculus.Interaction.Samples", "Oculus.Interaction.Samples.csproj", "{BCAC2FB5-54FF-9483-5C6B-B8EA09DAFD94}"
EndProject
Project("{FAE04EC0-301F-11D3-BF4B-00C04F79EFBC}") = "Facebook.WitAI", "Facebook.WitAI.csproj", "{98164668-E324-5F3B-77EB-D2A76CB05968}"
EndProject
Project("{FAE04EC0-301F-11D3-BF4B-00C04F79EFBC}") = "Oculus.AudioManager", "Oculus.AudioManager.csproj", "{4AB062CB-36D6-4ED3-4F87-8F13B9D6E95C}"
EndProject
Project("{FAE04EC0-301F-11D3-BF4B-00C04F79EFBC}") = "VoiceSDK.Runtime", "VoiceSDK.Runtime.csproj", "{8E645AE6-7A46-58E9-AB88-0E495CDFB02B}"
EndProject
Project("{FAE04EC0-301F-11D3-BF4B-00C04F79EFBC}") = "AssistantCoreSDKRuntime", "AssistantCoreSDKRuntime.csproj", "{7D997748-BAB5-7255-98AC-BACAFD039D12}"
EndProject
Project("{FAE04EC0-301F-11D3-BF4B-00C04F79EFBC}") = "Runtime", "Runtime.csproj", "{974030EA-6720-82FA-A894-D862A1466ECF}"
EndProject
Project("{FAE04EC0-301F-11D3-BF4B-00C04F79EFBC}") = "Oculus.LipSync", "Oculus.LipSync.csproj", "{5A2A9318-A781-093B-8E83-4CFE1A349621}"
EndProject
Project("{FAE04EC0-301F-11D3-BF4B-00C04F79EFBC}") = "Oculus.Interaction.Editor", "Oculus.Interaction.Editor.csproj", "{A52C1397-0724-EF95-55C9-AC1E72344BE1}"
EndProject
Project("{FAE04EC0-301F-11D3-BF4B-00C04F79EFBC}") = "Facebook.Wit.Editor", "Facebook.Wit.Editor.csproj", "{72C23180-0DB8-E4B8-CDF7-AAAA9FAE3FE5}"
EndProject
Project("{FAE04EC0-301F-11D3-BF4B-00C04F79EFBC}") = "Oculus.Spatializer.Editor", "Oculus.Spatializer.Editor.csproj", "{48A5B027-0FCB-2B8D-B5DA-5E9E336AF445}"
EndProject
Project("{FAE04EC0-301F-11D3-BF4B-00C04F79EFBC}") = "Assembly-CSharp-Editor", "Assembly-CSharp-Editor.csproj", "{A3A7E84A-5C44-1779-5637-1A7ABE5FAAA1}"
EndProject
Project("{FAE04EC0-301F-11D3-BF4B-00C04F79EFBC}") = "Oculus.VR.Editor", "Oculus.VR.Editor.csproj", "{3F3D034F-5C24-7DA3-663D-767B0948C32D}"
EndProject
Project("{FAE04EC0-301F-11D3-BF4B-00C04F79EFBC}") = "VoiceSDK.Editor", "VoiceSDK.Editor.csproj", "{1FBF376F-2BB2-7D39-4671-5B9A99991FF1}"
EndProject
Project("{FAE04EC0-301F-11D3-BF4B-00C04F79EFBC}") = "Oculus.Platform.Editor", "Oculus.Platform.Editor.csproj", "{62CCD889-CE04-9D49-A5BF-0EA5F99250CA}"
EndProject
Project("{FAE04EC0-301F-11D3-BF4B-00C04F79EFBC}") = "Oculus.AudioManager.Audio.Editor", "Oculus.AudioManager.Audio.Editor.csproj", "{1008F835-DFED-7181-2142-B64CEDC81F37}"
EndProject
Project("{FAE04EC0-301F-11D3-BF4B-00C04F79EFBC}") = "Oculus.Interaction.InterfaceSupport", "Oculus.Interaction.InterfaceSupport.csproj", "{1942B117-E868-4C45-5742-CB97AFF66973}"
EndProject
Project("{FAE04EC0-301F-11D3-BF4B-00C04F79EFBC}") = "Oculus.VR.Scripts.Editor", "Oculus.VR.Scripts.Editor.csproj", "{ACC06DA0-47ED-328E-23F7-DF406EB08293}"
EndProject
Project("{FAE04EC0-301F-11D3-BF4B-00C04F79EFBC}") = "Oculus.LipSync.Editor", "Oculus.LipSync.Editor.csproj", "{AC357F22-12F6-CD97-D603-B316AB3C72BE}"
EndProject
Project("{FAE04EC0-301F-11D3-BF4B-00C04F79EFBC}") = "AssistantCoreSDKEditor", "AssistantCoreSDKEditor.csproj", "{2EF06145-D396-18F6-707C-C84CAD9D5AFC}"
EndProject
Project("{FAE04EC0-301F-11D3-BF4B-00C04F79EFBC}") = "Oculus.AudioManager.Utils.Editor", "Oculus.AudioManager.Utils.Editor.csproj", "{F5DF22B6-CA21-9ECE-2A86-F7C9264CE065}"
EndProject
Global
	GlobalSection(SolutionConfigurationPlatforms) = preSolution
		Debug|Any CPU = Debug|Any CPU
		Release|Any CPU = Release|Any CPU
	EndGlobalSection
	GlobalSection(ProjectConfigurationPlatforms) = postSolution
		{A406EBD8-919E-BF8A-D137-642DCF2CE1D0}.Debug|Any CPU.ActiveCfg = Debug|Any CPU
		{A406EBD8-919E-BF8A-D137-642DCF2CE1D0}.Debug|Any CPU.Build.0 = Debug|Any CPU
		{A406EBD8-919E-BF8A-D137-642DCF2CE1D0}.Release|Any CPU.ActiveCfg = Release|Any CPU
		{A406EBD8-919E-BF8A-D137-642DCF2CE1D0}.Release|Any CPU.Build.0 = Release|Any CPU
		{67F220F4-95CE-2F33-E222-A20DB70D890B}.Debug|Any CPU.ActiveCfg = Debug|Any CPU
		{67F220F4-95CE-2F33-E222-A20DB70D890B}.Debug|Any CPU.Build.0 = Debug|Any CPU
		{67F220F4-95CE-2F33-E222-A20DB70D890B}.Release|Any CPU.ActiveCfg = Release|Any CPU
		{67F220F4-95CE-2F33-E222-A20DB70D890B}.Release|Any CPU.Build.0 = Release|Any CPU
		{053AA93C-6F6D-72EF-C0BA-69D3347C8650}.Debug|Any CPU.ActiveCfg = Debug|Any CPU
		{053AA93C-6F6D-72EF-C0BA-69D3347C8650}.Debug|Any CPU.Build.0 = Debug|Any CPU
		{053AA93C-6F6D-72EF-C0BA-69D3347C8650}.Release|Any CPU.ActiveCfg = Release|Any CPU
		{053AA93C-6F6D-72EF-C0BA-69D3347C8650}.Release|Any CPU.Build.0 = Release|Any CPU
		{FF853BB8-6F3F-5FF2-91BB-BE86B345D054}.Debug|Any CPU.ActiveCfg = Debug|Any CPU
		{FF853BB8-6F3F-5FF2-91BB-BE86B345D054}.Debug|Any CPU.Build.0 = Debug|Any CPU
		{FF853BB8-6F3F-5FF2-91BB-BE86B345D054}.Release|Any CPU.ActiveCfg = Release|Any CPU
		{FF853BB8-6F3F-5FF2-91BB-BE86B345D054}.Release|Any CPU.Build.0 = Release|Any CPU
		{40D9417A-3AF6-A3BF-12C2-BAF7DAAD6E11}.Debug|Any CPU.ActiveCfg = Debug|Any CPU
		{40D9417A-3AF6-A3BF-12C2-BAF7DAAD6E11}.Debug|Any CPU.Build.0 = Debug|Any CPU
		{40D9417A-3AF6-A3BF-12C2-BAF7DAAD6E11}.Release|Any CPU.ActiveCfg = Release|Any CPU
		{40D9417A-3AF6-A3BF-12C2-BAF7DAAD6E11}.Release|Any CPU.Build.0 = Release|Any CPU
		{BCAC2FB5-54FF-9483-5C6B-B8EA09DAFD94}.Debug|Any CPU.ActiveCfg = Debug|Any CPU
		{BCAC2FB5-54FF-9483-5C6B-B8EA09DAFD94}.Debug|Any CPU.Build.0 = Debug|Any CPU
		{BCAC2FB5-54FF-9483-5C6B-B8EA09DAFD94}.Release|Any CPU.ActiveCfg = Release|Any CPU
		{BCAC2FB5-54FF-9483-5C6B-B8EA09DAFD94}.Release|Any CPU.Build.0 = Release|Any CPU
		{98164668-E324-5F3B-77EB-D2A76CB05968}.Debug|Any CPU.ActiveCfg = Debug|Any CPU
		{98164668-E324-5F3B-77EB-D2A76CB05968}.Debug|Any CPU.Build.0 = Debug|Any CPU
		{98164668-E324-5F3B-77EB-D2A76CB05968}.Release|Any CPU.ActiveCfg = Release|Any CPU
		{98164668-E324-5F3B-77EB-D2A76CB05968}.Release|Any CPU.Build.0 = Release|Any CPU
		{4AB062CB-36D6-4ED3-4F87-8F13B9D6E95C}.Debug|Any CPU.ActiveCfg = Debug|Any CPU
		{4AB062CB-36D6-4ED3-4F87-8F13B9D6E95C}.Debug|Any CPU.Build.0 = Debug|Any CPU
		{4AB062CB-36D6-4ED3-4F87-8F13B9D6E95C}.Release|Any CPU.ActiveCfg = Release|Any CPU
		{4AB062CB-36D6-4ED3-4F87-8F13B9D6E95C}.Release|Any CPU.Build.0 = Release|Any CPU
		{8E645AE6-7A46-58E9-AB88-0E495CDFB02B}.Debug|Any CPU.ActiveCfg = Debug|Any CPU
		{8E645AE6-7A46-58E9-AB88-0E495CDFB02B}.Debug|Any CPU.Build.0 = Debug|Any CPU
		{8E645AE6-7A46-58E9-AB88-0E495CDFB02B}.Release|Any CPU.ActiveCfg = Release|Any CPU
		{8E645AE6-7A46-58E9-AB88-0E495CDFB02B}.Release|Any CPU.Build.0 = Release|Any CPU
		{7D997748-BAB5-7255-98AC-BACAFD039D12}.Debug|Any CPU.ActiveCfg = Debug|Any CPU
		{7D997748-BAB5-7255-98AC-BACAFD039D12}.Debug|Any CPU.Build.0 = Debug|Any CPU
		{7D997748-BAB5-7255-98AC-BACAFD039D12}.Release|Any CPU.ActiveCfg = Release|Any CPU
		{7D997748-BAB5-7255-98AC-BACAFD039D12}.Release|Any CPU.Build.0 = Release|Any CPU
		{974030EA-6720-82FA-A894-D862A1466ECF}.Debug|Any CPU.ActiveCfg = Debug|Any CPU
		{974030EA-6720-82FA-A894-D862A1466ECF}.Debug|Any CPU.Build.0 = Debug|Any CPU
		{974030EA-6720-82FA-A894-D862A1466ECF}.Release|Any CPU.ActiveCfg = Release|Any CPU
		{974030EA-6720-82FA-A894-D862A1466ECF}.Release|Any CPU.Build.0 = Release|Any CPU
		{5A2A9318-A781-093B-8E83-4CFE1A349621}.Debug|Any CPU.ActiveCfg = Debug|Any CPU
		{5A2A9318-A781-093B-8E83-4CFE1A349621}.Debug|Any CPU.Build.0 = Debug|Any CPU
		{5A2A9318-A781-093B-8E83-4CFE1A349621}.Release|Any CPU.ActiveCfg = Release|Any CPU
		{5A2A9318-A781-093B-8E83-4CFE1A349621}.Release|Any CPU.Build.0 = Release|Any CPU
		{A52C1397-0724-EF95-55C9-AC1E72344BE1}.Debug|Any CPU.ActiveCfg = Debug|Any CPU
		{A52C1397-0724-EF95-55C9-AC1E72344BE1}.Debug|Any CPU.Build.0 = Debug|Any CPU
		{A52C1397-0724-EF95-55C9-AC1E72344BE1}.Release|Any CPU.ActiveCfg = Release|Any CPU
		{A52C1397-0724-EF95-55C9-AC1E72344BE1}.Release|Any CPU.Build.0 = Release|Any CPU
		{72C23180-0DB8-E4B8-CDF7-AAAA9FAE3FE5}.Debug|Any CPU.ActiveCfg = Debug|Any CPU
		{72C23180-0DB8-E4B8-CDF7-AAAA9FAE3FE5}.Debug|Any CPU.Build.0 = Debug|Any CPU
		{72C23180-0DB8-E4B8-CDF7-AAAA9FAE3FE5}.Release|Any CPU.ActiveCfg = Release|Any CPU
		{72C23180-0DB8-E4B8-CDF7-AAAA9FAE3FE5}.Release|Any CPU.Build.0 = Release|Any CPU
		{48A5B027-0FCB-2B8D-B5DA-5E9E336AF445}.Debug|Any CPU.ActiveCfg = Debug|Any CPU
		{48A5B027-0FCB-2B8D-B5DA-5E9E336AF445}.Debug|Any CPU.Build.0 = Debug|Any CPU
		{48A5B027-0FCB-2B8D-B5DA-5E9E336AF445}.Release|Any CPU.ActiveCfg = Release|Any CPU
		{48A5B027-0FCB-2B8D-B5DA-5E9E336AF445}.Release|Any CPU.Build.0 = Release|Any CPU
		{A3A7E84A-5C44-1779-5637-1A7ABE5FAAA1}.Debug|Any CPU.ActiveCfg = Debug|Any CPU
		{A3A7E84A-5C44-1779-5637-1A7ABE5FAAA1}.Debug|Any CPU.Build.0 = Debug|Any CPU
		{A3A7E84A-5C44-1779-5637-1A7ABE5FAAA1}.Release|Any CPU.ActiveCfg = Release|Any CPU
		{A3A7E84A-5C44-1779-5637-1A7ABE5FAAA1}.Release|Any CPU.Build.0 = Release|Any CPU
		{3F3D034F-5C24-7DA3-663D-767B0948C32D}.Debug|Any CPU.ActiveCfg = Debug|Any CPU
		{3F3D034F-5C24-7DA3-663D-767B0948C32D}.Debug|Any CPU.Build.0 = Debug|Any CPU
		{3F3D034F-5C24-7DA3-663D-767B0948C32D}.Release|Any CPU.ActiveCfg = Release|Any CPU
		{3F3D034F-5C24-7DA3-663D-767B0948C32D}.Release|Any CPU.Build.0 = Release|Any CPU
		{1FBF376F-2BB2-7D39-4671-5B9A99991FF1}.Debug|Any CPU.ActiveCfg = Debug|Any CPU
		{1FBF376F-2BB2-7D39-4671-5B9A99991FF1}.Debug|Any CPU.Build.0 = Debug|Any CPU
		{1FBF376F-2BB2-7D39-4671-5B9A99991FF1}.Release|Any CPU.ActiveCfg = Release|Any CPU
		{1FBF376F-2BB2-7D39-4671-5B9A99991FF1}.Release|Any CPU.Build.0 = Release|Any CPU
		{62CCD889-CE04-9D49-A5BF-0EA5F99250CA}.Debug|Any CPU.ActiveCfg = Debug|Any CPU
		{62CCD889-CE04-9D49-A5BF-0EA5F99250CA}.Debug|Any CPU.Build.0 = Debug|Any CPU
		{62CCD889-CE04-9D49-A5BF-0EA5F99250CA}.Release|Any CPU.ActiveCfg = Release|Any CPU
		{62CCD889-CE04-9D49-A5BF-0EA5F99250CA}.Release|Any CPU.Build.0 = Release|Any CPU
		{1008F835-DFED-7181-2142-B64CEDC81F37}.Debug|Any CPU.ActiveCfg = Debug|Any CPU
		{1008F835-DFED-7181-2142-B64CEDC81F37}.Debug|Any CPU.Build.0 = Debug|Any CPU
		{1008F835-DFED-7181-2142-B64CEDC81F37}.Release|Any CPU.ActiveCfg = Release|Any CPU
		{1008F835-DFED-7181-2142-B64CEDC81F37}.Release|Any CPU.Build.0 = Release|Any CPU
		{1942B117-E868-4C45-5742-CB97AFF66973}.Debug|Any CPU.ActiveCfg = Debug|Any CPU
		{1942B117-E868-4C45-5742-CB97AFF66973}.Debug|Any CPU.Build.0 = Debug|Any CPU
		{1942B117-E868-4C45-5742-CB97AFF66973}.Release|Any CPU.ActiveCfg = Release|Any CPU
		{1942B117-E868-4C45-5742-CB97AFF66973}.Release|Any CPU.Build.0 = Release|Any CPU
		{ACC06DA0-47ED-328E-23F7-DF406EB08293}.Debug|Any CPU.ActiveCfg = Debug|Any CPU
		{ACC06DA0-47ED-328E-23F7-DF406EB08293}.Debug|Any CPU.Build.0 = Debug|Any CPU
		{ACC06DA0-47ED-328E-23F7-DF406EB08293}.Release|Any CPU.ActiveCfg = Release|Any CPU
		{ACC06DA0-47ED-328E-23F7-DF406EB08293}.Release|Any CPU.Build.0 = Release|Any CPU
		{AC357F22-12F6-CD97-D603-B316AB3C72BE}.Debug|Any CPU.ActiveCfg = Debug|Any CPU
		{AC357F22-12F6-CD97-D603-B316AB3C72BE}.Debug|Any CPU.Build.0 = Debug|Any CPU
		{AC357F22-12F6-CD97-D603-B316AB3C72BE}.Release|Any CPU.ActiveCfg = Release|Any CPU
		{AC357F22-12F6-CD97-D603-B316AB3C72BE}.Release|Any CPU.Build.0 = Release|Any CPU
		{2EF06145-D396-18F6-707C-C84CAD9D5AFC}.Debug|Any CPU.ActiveCfg = Debug|Any CPU
		{2EF06145-D396-18F6-707C-C84CAD9D5AFC}.Debug|Any CPU.Build.0 = Debug|Any CPU
		{2EF06145-D396-18F6-707C-C84CAD9D5AFC}.Release|Any CPU.ActiveCfg = Release|Any CPU
		{2EF06145-D396-18F6-707C-C84CAD9D5AFC}.Release|Any CPU.Build.0 = Release|Any CPU
		{F5DF22B6-CA21-9ECE-2A86-F7C9264CE065}.Debug|Any CPU.ActiveCfg = Debug|Any CPU
		{F5DF22B6-CA21-9ECE-2A86-F7C9264CE065}.Debug|Any CPU.Build.0 = Debug|Any CPU
		{F5DF22B6-CA21-9ECE-2A86-F7C9264CE065}.Release|Any CPU.ActiveCfg = Release|Any CPU
		{F5DF22B6-CA21-9ECE-2A86-F7C9264CE065}.Release|Any CPU.Build.0 = Release|Any CPU
	EndGlobalSection
	GlobalSection(SolutionProperties) = preSolution
		HideSolutionNode = FALSE
	EndGlobalSection
EndGlobal
