
Microsoft Visual Studio Solution File, Format Version 12.00
# Visual Studio 15
Project("{FAE04EC0-301F-11D3-BF4B-00C04F79EFBC}") = "Oculus.Platform", "Oculus.Platform.csproj", "{492B4418-1E61-9ECE-C3F2-48B63A1F2CDA}"
EndProject
Project("{FAE04EC0-301F-11D3-BF4B-00C04F79EFBC}") = "Assembly-CSharp", "Assembly-CSharp.csproj", "{797103A3-D2FA-1A00-7841-23F8AB92AB58}"
EndProject
Project("{FAE04EC0-301F-11D3-BF4B-00C04F79EFBC}") = "Oculus.Interaction", "Oculus.Interaction.csproj", "{FAE77FFB-B9EC-8524-92F7-12FD65021DB3}"
EndProject
Project("{FAE04EC0-301F-11D3-BF4B-00C04F79EFBC}") = "Oculus.Spatializer", "Oculus.Spatializer.csproj", "{95FFFF46-589A-D9AA-418F-151D816148A4}"
EndProject
Project("{FAE04EC0-301F-11D3-BF4B-00C04F79EFBC}") = "Facebook.WitAI", "Facebook.WitAI.csproj", "{10E9DDA7-F759-2BC9-97E0-8CCB06C28320}"
EndProject
Project("{FAE04EC0-301F-11D3-BF4B-00C04F79EFBC}") = "Oculus.AudioManager", "Oculus.AudioManager.csproj", "{2525F3FA-7DB8-BFC0-DFD1-EACDAABEB5EE}"
EndProject
Project("{FAE04EC0-301F-11D3-BF4B-00C04F79EFBC}") = "Oculus.VR", "Oculus.VR.csproj", "{67A58BA2-77AC-FB5E-FC23-7A173DC31773}"
EndProject
Project("{FAE04EC0-301F-11D3-BF4B-00C04F79EFBC}") = "Oculus.Interaction.Samples", "Oculus.Interaction.Samples.csproj", "{D83AFE07-E763-A512-4E90-97ED70815901}"
EndProject
Project("{FAE04EC0-301F-11D3-BF4B-00C04F79EFBC}") = "VoiceSDK.Runtime", "VoiceSDK.Runtime.csproj", "{69C5449F-152B-04B5-6830-6E199B5B090A}"
EndProject
Project("{FAE04EC0-301F-11D3-BF4B-00C04F79EFBC}") = "AssistantCoreSDKRuntime", "AssistantCoreSDKRuntime.csproj", "{F2961D8A-CA15-28B0-1514-C5CD927E368A}"
EndProject
Project("{FAE04EC0-301F-11D3-BF4B-00C04F79EFBC}") = "Oculus.LipSync", "Oculus.LipSync.csproj", "{B9974F02-DC89-7042-27C7-F6A0ECF7216D}"
EndProject
Project("{FAE04EC0-301F-11D3-BF4B-00C04F79EFBC}") = "Runtime", "Runtime.csproj", "{EF01F941-110B-43EF-8732-18AD9A5A6630}"
EndProject
Project("{FAE04EC0-301F-11D3-BF4B-00C04F79EFBC}") = "Oculus.Platform.Editor", "Oculus.Platform.Editor.csproj", "{4476C9B6-4DCE-3E29-582E-AE5A7C400817}"
EndProject
Project("{FAE04EC0-301F-11D3-BF4B-00C04F79EFBC}") = "Oculus.AudioManager.Audio.Editor", "Oculus.AudioManager.Audio.Editor.csproj", "{1C9245BD-E40E-2105-0567-CA99D5019FC1}"
EndProject
Project("{FAE04EC0-301F-11D3-BF4B-00C04F79EFBC}") = "Oculus.Interaction.Editor", "Oculus.Interaction.Editor.csproj", "{FE894B59-5FDF-F1B9-A4C1-D57FA7CB93A3}"
EndProject
Project("{FAE04EC0-301F-11D3-BF4B-00C04F79EFBC}") = "Oculus.VR.Scripts.Editor", "Oculus.VR.Scripts.Editor.csproj", "{ED4AE64A-0EE3-C40A-9AD3-B09A1D49276D}"
EndProject
Project("{FAE04EC0-301F-11D3-BF4B-00C04F79EFBC}") = "Facebook.Wit.Editor", "Facebook.Wit.Editor.csproj", "{AC604E38-5CF9-CE3D-6879-C36E9B02C155}"
EndProject
Project("{FAE04EC0-301F-11D3-BF4B-00C04F79EFBC}") = "Oculus.Spatializer.Editor", "Oculus.Spatializer.Editor.csproj", "{8C986E4C-CE48-50F4-0E8B-7E7F89B6940E}"
EndProject
Project("{FAE04EC0-301F-11D3-BF4B-00C04F79EFBC}") = "Oculus.VR.Editor", "Oculus.VR.Editor.csproj", "{B4CE0CD7-2155-3FA6-5602-84E45E91DB52}"
EndProject
Project("{FAE04EC0-301F-11D3-BF4B-00C04F79EFBC}") = "Oculus.LipSync.Editor", "Oculus.LipSync.Editor.csproj", "{9350BBF6-07D6-73F3-4D4A-64606FB9D89F}"
EndProject
Project("{FAE04EC0-301F-11D3-BF4B-00C04F79EFBC}") = "Assembly-CSharp-Editor", "Assembly-CSharp-Editor.csproj", "{0782F171-121C-9E8D-66BC-BAC0459BEDDF}"
EndProject
Project("{FAE04EC0-301F-11D3-BF4B-00C04F79EFBC}") = "VoiceSDK.Editor", "VoiceSDK.Editor.csproj", "{BB2F612F-EA08-E29A-6ADF-BDFA89452A56}"
EndProject
Project("{FAE04EC0-301F-11D3-BF4B-00C04F79EFBC}") = "AssistantCoreSDKEditor", "AssistantCoreSDKEditor.csproj", "{6574BCF9-5ED9-18B8-639A-305D9488E9E4}"
EndProject
Project("{FAE04EC0-301F-11D3-BF4B-00C04F79EFBC}") = "Oculus.AudioManager.Utils.Editor", "Oculus.AudioManager.Utils.Editor.csproj", "{2284A9F2-8715-1FAF-BE02-81C8B6CA0B9B}"
EndProject
Project("{FAE04EC0-301F-11D3-BF4B-00C04F79EFBC}") = "Oculus.Interaction.InterfaceSupport", "Oculus.Interaction.InterfaceSupport.csproj", "{C6755407-5972-D124-18FC-2D3BAE2E02D4}"
EndProject
Global
	GlobalSection(SolutionConfigurationPlatforms) = preSolution
		Debug|Any CPU = Debug|Any CPU
		Release|Any CPU = Release|Any CPU
	EndGlobalSection
	GlobalSection(ProjectConfigurationPlatforms) = postSolution
		{492B4418-1E61-9ECE-C3F2-48B63A1F2CDA}.Debug|Any CPU.ActiveCfg = Debug|Any CPU
		{492B4418-1E61-9ECE-C3F2-48B63A1F2CDA}.Debug|Any CPU.Build.0 = Debug|Any CPU
		{492B4418-1E61-9ECE-C3F2-48B63A1F2CDA}.Release|Any CPU.ActiveCfg = Release|Any CPU
		{492B4418-1E61-9ECE-C3F2-48B63A1F2CDA}.Release|Any CPU.Build.0 = Release|Any CPU
		{797103A3-D2FA-1A00-7841-23F8AB92AB58}.Debug|Any CPU.ActiveCfg = Debug|Any CPU
		{797103A3-D2FA-1A00-7841-23F8AB92AB58}.Debug|Any CPU.Build.0 = Debug|Any CPU
		{797103A3-D2FA-1A00-7841-23F8AB92AB58}.Release|Any CPU.ActiveCfg = Release|Any CPU
		{797103A3-D2FA-1A00-7841-23F8AB92AB58}.Release|Any CPU.Build.0 = Release|Any CPU
		{FAE77FFB-B9EC-8524-92F7-12FD65021DB3}.Debug|Any CPU.ActiveCfg = Debug|Any CPU
		{FAE77FFB-B9EC-8524-92F7-12FD65021DB3}.Debug|Any CPU.Build.0 = Debug|Any CPU
		{FAE77FFB-B9EC-8524-92F7-12FD65021DB3}.Release|Any CPU.ActiveCfg = Release|Any CPU
		{FAE77FFB-B9EC-8524-92F7-12FD65021DB3}.Release|Any CPU.Build.0 = Release|Any CPU
		{95FFFF46-589A-D9AA-418F-151D816148A4}.Debug|Any CPU.ActiveCfg = Debug|Any CPU
		{95FFFF46-589A-D9AA-418F-151D816148A4}.Debug|Any CPU.Build.0 = Debug|Any CPU
		{95FFFF46-589A-D9AA-418F-151D816148A4}.Release|Any CPU.ActiveCfg = Release|Any CPU
		{95FFFF46-589A-D9AA-418F-151D816148A4}.Release|Any CPU.Build.0 = Release|Any CPU
		{10E9DDA7-F759-2BC9-97E0-8CCB06C28320}.Debug|Any CPU.ActiveCfg = Debug|Any CPU
		{10E9DDA7-F759-2BC9-97E0-8CCB06C28320}.Debug|Any CPU.Build.0 = Debug|Any CPU
		{10E9DDA7-F759-2BC9-97E0-8CCB06C28320}.Release|Any CPU.ActiveCfg = Release|Any CPU
		{10E9DDA7-F759-2BC9-97E0-8CCB06C28320}.Release|Any CPU.Build.0 = Release|Any CPU
		{2525F3FA-7DB8-BFC0-DFD1-EACDAABEB5EE}.Debug|Any CPU.ActiveCfg = Debug|Any CPU
		{2525F3FA-7DB8-BFC0-DFD1-EACDAABEB5EE}.Debug|Any CPU.Build.0 = Debug|Any CPU
		{2525F3FA-7DB8-BFC0-DFD1-EACDAABEB5EE}.Release|Any CPU.ActiveCfg = Release|Any CPU
		{2525F3FA-7DB8-BFC0-DFD1-EACDAABEB5EE}.Release|Any CPU.Build.0 = Release|Any CPU
		{67A58BA2-77AC-FB5E-FC23-7A173DC31773}.Debug|Any CPU.ActiveCfg = Debug|Any CPU
		{67A58BA2-77AC-FB5E-FC23-7A173DC31773}.Debug|Any CPU.Build.0 = Debug|Any CPU
		{67A58BA2-77AC-FB5E-FC23-7A173DC31773}.Release|Any CPU.ActiveCfg = Release|Any CPU
		{67A58BA2-77AC-FB5E-FC23-7A173DC31773}.Release|Any CPU.Build.0 = Release|Any CPU
		{D83AFE07-E763-A512-4E90-97ED70815901}.Debug|Any CPU.ActiveCfg = Debug|Any CPU
		{D83AFE07-E763-A512-4E90-97ED70815901}.Debug|Any CPU.Build.0 = Debug|Any CPU
		{D83AFE07-E763-A512-4E90-97ED70815901}.Release|Any CPU.ActiveCfg = Release|Any CPU
		{D83AFE07-E763-A512-4E90-97ED70815901}.Release|Any CPU.Build.0 = Release|Any CPU
		{69C5449F-152B-04B5-6830-6E199B5B090A}.Debug|Any CPU.ActiveCfg = Debug|Any CPU
		{69C5449F-152B-04B5-6830-6E199B5B090A}.Debug|Any CPU.Build.0 = Debug|Any CPU
		{69C5449F-152B-04B5-6830-6E199B5B090A}.Release|Any CPU.ActiveCfg = Release|Any CPU
		{69C5449F-152B-04B5-6830-6E199B5B090A}.Release|Any CPU.Build.0 = Release|Any CPU
		{F2961D8A-CA15-28B0-1514-C5CD927E368A}.Debug|Any CPU.ActiveCfg = Debug|Any CPU
		{F2961D8A-CA15-28B0-1514-C5CD927E368A}.Debug|Any CPU.Build.0 = Debug|Any CPU
		{F2961D8A-CA15-28B0-1514-C5CD927E368A}.Release|Any CPU.ActiveCfg = Release|Any CPU
		{F2961D8A-CA15-28B0-1514-C5CD927E368A}.Release|Any CPU.Build.0 = Release|Any CPU
		{B9974F02-DC89-7042-27C7-F6A0ECF7216D}.Debug|Any CPU.ActiveCfg = Debug|Any CPU
		{B9974F02-DC89-7042-27C7-F6A0ECF7216D}.Debug|Any CPU.Build.0 = Debug|Any CPU
		{B9974F02-DC89-7042-27C7-F6A0ECF7216D}.Release|Any CPU.ActiveCfg = Release|Any CPU
		{B9974F02-DC89-7042-27C7-F6A0ECF7216D}.Release|Any CPU.Build.0 = Release|Any CPU
		{EF01F941-110B-43EF-8732-18AD9A5A6630}.Debug|Any CPU.ActiveCfg = Debug|Any CPU
		{EF01F941-110B-43EF-8732-18AD9A5A6630}.Debug|Any CPU.Build.0 = Debug|Any CPU
		{EF01F941-110B-43EF-8732-18AD9A5A6630}.Release|Any CPU.ActiveCfg = Release|Any CPU
		{EF01F941-110B-43EF-8732-18AD9A5A6630}.Release|Any CPU.Build.0 = Release|Any CPU
		{4476C9B6-4DCE-3E29-582E-AE5A7C400817}.Debug|Any CPU.ActiveCfg = Debug|Any CPU
		{4476C9B6-4DCE-3E29-582E-AE5A7C400817}.Debug|Any CPU.Build.0 = Debug|Any CPU
		{4476C9B6-4DCE-3E29-582E-AE5A7C400817}.Release|Any CPU.ActiveCfg = Release|Any CPU
		{4476C9B6-4DCE-3E29-582E-AE5A7C400817}.Release|Any CPU.Build.0 = Release|Any CPU
		{1C9245BD-E40E-2105-0567-CA99D5019FC1}.Debug|Any CPU.ActiveCfg = Debug|Any CPU
		{1C9245BD-E40E-2105-0567-CA99D5019FC1}.Debug|Any CPU.Build.0 = Debug|Any CPU
		{1C9245BD-E40E-2105-0567-CA99D5019FC1}.Release|Any CPU.ActiveCfg = Release|Any CPU
		{1C9245BD-E40E-2105-0567-CA99D5019FC1}.Release|Any CPU.Build.0 = Release|Any CPU
		{FE894B59-5FDF-F1B9-A4C1-D57FA7CB93A3}.Debug|Any CPU.ActiveCfg = Debug|Any CPU
		{FE894B59-5FDF-F1B9-A4C1-D57FA7CB93A3}.Debug|Any CPU.Build.0 = Debug|Any CPU
		{FE894B59-5FDF-F1B9-A4C1-D57FA7CB93A3}.Release|Any CPU.ActiveCfg = Release|Any CPU
		{FE894B59-5FDF-F1B9-A4C1-D57FA7CB93A3}.Release|Any CPU.Build.0 = Release|Any CPU
		{ED4AE64A-0EE3-C40A-9AD3-B09A1D49276D}.Debug|Any CPU.ActiveCfg = Debug|Any CPU
		{ED4AE64A-0EE3-C40A-9AD3-B09A1D49276D}.Debug|Any CPU.Build.0 = Debug|Any CPU
		{ED4AE64A-0EE3-C40A-9AD3-B09A1D49276D}.Release|Any CPU.ActiveCfg = Release|Any CPU
		{ED4AE64A-0EE3-C40A-9AD3-B09A1D49276D}.Release|Any CPU.Build.0 = Release|Any CPU
		{AC604E38-5CF9-CE3D-6879-C36E9B02C155}.Debug|Any CPU.ActiveCfg = Debug|Any CPU
		{AC604E38-5CF9-CE3D-6879-C36E9B02C155}.Debug|Any CPU.Build.0 = Debug|Any CPU
		{AC604E38-5CF9-CE3D-6879-C36E9B02C155}.Release|Any CPU.ActiveCfg = Release|Any CPU
		{AC604E38-5CF9-CE3D-6879-C36E9B02C155}.Release|Any CPU.Build.0 = Release|Any CPU
		{8C986E4C-CE48-50F4-0E8B-7E7F89B6940E}.Debug|Any CPU.ActiveCfg = Debug|Any CPU
		{8C986E4C-CE48-50F4-0E8B-7E7F89B6940E}.Debug|Any CPU.Build.0 = Debug|Any CPU
		{8C986E4C-CE48-50F4-0E8B-7E7F89B6940E}.Release|Any CPU.ActiveCfg = Release|Any CPU
		{8C986E4C-CE48-50F4-0E8B-7E7F89B6940E}.Release|Any CPU.Build.0 = Release|Any CPU
		{B4CE0CD7-2155-3FA6-5602-84E45E91DB52}.Debug|Any CPU.ActiveCfg = Debug|Any CPU
		{B4CE0CD7-2155-3FA6-5602-84E45E91DB52}.Debug|Any CPU.Build.0 = Debug|Any CPU
		{B4CE0CD7-2155-3FA6-5602-84E45E91DB52}.Release|Any CPU.ActiveCfg = Release|Any CPU
		{B4CE0CD7-2155-3FA6-5602-84E45E91DB52}.Release|Any CPU.Build.0 = Release|Any CPU
		{9350BBF6-07D6-73F3-4D4A-64606FB9D89F}.Debug|Any CPU.ActiveCfg = Debug|Any CPU
		{9350BBF6-07D6-73F3-4D4A-64606FB9D89F}.Debug|Any CPU.Build.0 = Debug|Any CPU
		{9350BBF6-07D6-73F3-4D4A-64606FB9D89F}.Release|Any CPU.ActiveCfg = Release|Any CPU
		{9350BBF6-07D6-73F3-4D4A-64606FB9D89F}.Release|Any CPU.Build.0 = Release|Any CPU
		{0782F171-121C-9E8D-66BC-BAC0459BEDDF}.Debug|Any CPU.ActiveCfg = Debug|Any CPU
		{0782F171-121C-9E8D-66BC-BAC0459BEDDF}.Debug|Any CPU.Build.0 = Debug|Any CPU
		{0782F171-121C-9E8D-66BC-BAC0459BEDDF}.Release|Any CPU.ActiveCfg = Release|Any CPU
		{0782F171-121C-9E8D-66BC-BAC0459BEDDF}.Release|Any CPU.Build.0 = Release|Any CPU
		{BB2F612F-EA08-E29A-6ADF-BDFA89452A56}.Debug|Any CPU.ActiveCfg = Debug|Any CPU
		{BB2F612F-EA08-E29A-6ADF-BDFA89452A56}.Debug|Any CPU.Build.0 = Debug|Any CPU
		{BB2F612F-EA08-E29A-6ADF-BDFA89452A56}.Release|Any CPU.ActiveCfg = Release|Any CPU
		{BB2F612F-EA08-E29A-6ADF-BDFA89452A56}.Release|Any CPU.Build.0 = Release|Any CPU
		{6574BCF9-5ED9-18B8-639A-305D9488E9E4}.Debug|Any CPU.ActiveCfg = Debug|Any CPU
		{6574BCF9-5ED9-18B8-639A-305D9488E9E4}.Debug|Any CPU.Build.0 = Debug|Any CPU
		{6574BCF9-5ED9-18B8-639A-305D9488E9E4}.Release|Any CPU.ActiveCfg = Release|Any CPU
		{6574BCF9-5ED9-18B8-639A-305D9488E9E4}.Release|Any CPU.Build.0 = Release|Any CPU
		{2284A9F2-8715-1FAF-BE02-81C8B6CA0B9B}.Debug|Any CPU.ActiveCfg = Debug|Any CPU
		{2284A9F2-8715-1FAF-BE02-81C8B6CA0B9B}.Debug|Any CPU.Build.0 = Debug|Any CPU
		{2284A9F2-8715-1FAF-BE02-81C8B6CA0B9B}.Release|Any CPU.ActiveCfg = Release|Any CPU
		{2284A9F2-8715-1FAF-BE02-81C8B6CA0B9B}.Release|Any CPU.Build.0 = Release|Any CPU
		{C6755407-5972-D124-18FC-2D3BAE2E02D4}.Debug|Any CPU.ActiveCfg = Debug|Any CPU
		{C6755407-5972-D124-18FC-2D3BAE2E02D4}.Debug|Any CPU.Build.0 = Debug|Any CPU
		{C6755407-5972-D124-18FC-2D3BAE2E02D4}.Release|Any CPU.ActiveCfg = Release|Any CPU
		{C6755407-5972-D124-18FC-2D3BAE2E02D4}.Release|Any CPU.Build.0 = Release|Any CPU
	EndGlobalSection
	GlobalSection(SolutionProperties) = preSolution
		HideSolutionNode = FALSE
	EndGlobalSection
EndGlobal
