
Microsoft Visual Studio Solution File, Format Version 12.00
# Visual Studio 15
Project("{FAE04EC0-301F-11D3-BF4B-00C04F79EFBC}") = "Oculus.Platform", "Oculus.Platform.csproj", "{50ED0DB6-129B-DFDA-C506-F1DEB5FC971C}"
EndProject
Project("{FAE04EC0-301F-11D3-BF4B-00C04F79EFBC}") = "Assembly-CSharp", "Assembly-CSharp.csproj", "{B113E48E-3EED-48C1-CBA7-3A95FC31973D}"
EndProject
Project("{FAE04EC0-301F-11D3-BF4B-00C04F79EFBC}") = "Oculus.Spatializer", "Oculus.Spatializer.csproj", "{1D9696B7-3FDB-4817-4B6C-D411096BB62C}"
EndProject
Project("{FAE04EC0-301F-11D3-BF4B-00C04F79EFBC}") = "Oculus.Interaction", "Oculus.Interaction.csproj", "{9206B703-62A5-08A2-03FF-B221E115C9C1}"
EndProject
Project("{FAE04EC0-301F-11D3-BF4B-00C04F79EFBC}") = "Oculus.VR", "Oculus.VR.csproj", "{EF924C9F-EE9D-C37C-1E0B-368D490BAA19}"
EndProject
Project("{FAE04EC0-301F-11D3-BF4B-00C04F79EFBC}") = "Oculus.Interaction.Samples", "Oculus.Interaction.Samples.csproj", "{42EEFEDB-0D1C-94D9-52E7-E88F89A04CE8}"
EndProject
Project("{FAE04EC0-301F-11D3-BF4B-00C04F79EFBC}") = "Facebook.WitAI", "Facebook.WitAI.csproj", "{36861A48-420B-D43F-3B5B-C955AAEBA041}"
EndProject
Project("{FAE04EC0-301F-11D3-BF4B-00C04F79EFBC}") = "Oculus.AudioManager", "Oculus.AudioManager.csproj", "{D46D8003-4E2E-A927-3BE8-F74C23F1165A}"
EndProject
Project("{FAE04EC0-301F-11D3-BF4B-00C04F79EFBC}") = "VoiceSDK.Runtime", "VoiceSDK.Runtime.csproj", "{3DD1020E-55B4-E5A1-4ECF-1033DA41AF8F}"
EndProject
Project("{FAE04EC0-301F-11D3-BF4B-00C04F79EFBC}") = "AssistantCoreSDKRuntime", "AssistantCoreSDKRuntime.csproj", "{5C82633F-5140-E0F1-4E3C-143BDCD46E99}"
EndProject
Project("{FAE04EC0-301F-11D3-BF4B-00C04F79EFBC}") = "Runtime", "Runtime.csproj", "{0095EC74-9985-D890-7217-DDFAC121AE90}"
EndProject
Project("{FAE04EC0-301F-11D3-BF4B-00C04F79EFBC}") = "Oculus.LipSync", "Oculus.LipSync.csproj", "{37B94249-DB14-06F6-070B-2E701CBFB0DB}"
EndProject
Project("{FAE04EC0-301F-11D3-BF4B-00C04F79EFBC}") = "Oculus.Interaction.Editor", "Oculus.Interaction.Editor.csproj", "{84A14678-E04D-2057-A90F-8F6D92D574E7}"
EndProject
Project("{FAE04EC0-301F-11D3-BF4B-00C04F79EFBC}") = "Facebook.Wit.Editor", "Facebook.Wit.Editor.csproj", "{410AA500-C4A1-A2C0-CCBD-18F762E5C81C}"
EndProject
Project("{FAE04EC0-301F-11D3-BF4B-00C04F79EFBC}") = "Oculus.Spatializer.Editor", "Oculus.Spatializer.Editor.csproj", "{28C7CC77-DD90-28F7-32E9-3049575942D8}"
EndProject
Project("{FAE04EC0-301F-11D3-BF4B-00C04F79EFBC}") = "Assembly-CSharp-Editor", "Assembly-CSharp-Editor.csproj", "{2FF664A4-5FFC-FE83-EEDD-5A7D707AE933}"
EndProject
Project("{FAE04EC0-301F-11D3-BF4B-00C04F79EFBC}") = "Oculus.VR.Editor", "Oculus.VR.Editor.csproj", "{417BC618-3012-F495-E537-BA9D6DD89BE3}"
EndProject
Project("{FAE04EC0-301F-11D3-BF4B-00C04F79EFBC}") = "VoiceSDK.Editor", "VoiceSDK.Editor.csproj", "{00BF6C4F-6C54-C88D-156E-E4F7220408D0}"
EndProject
Project("{FAE04EC0-301F-11D3-BF4B-00C04F79EFBC}") = "Oculus.Platform.Editor", "Oculus.Platform.Editor.csproj", "{C1BC90C5-0963-CE01-E663-F3D9A7E20592}"
EndProject
Project("{FAE04EC0-301F-11D3-BF4B-00C04F79EFBC}") = "Oculus.AudioManager.Audio.Editor", "Oculus.AudioManager.Audio.Editor.csproj", "{AE21F6E1-3760-8F06-EE55-5CCB96CF30A3}"
EndProject
Project("{FAE04EC0-301F-11D3-BF4B-00C04F79EFBC}") = "Oculus.Interaction.InterfaceSupport", "Oculus.Interaction.InterfaceSupport.csproj", "{B2B174EE-BCE0-1319-5ACD-1FEE456F8B92}"
EndProject
Project("{FAE04EC0-301F-11D3-BF4B-00C04F79EFBC}") = "Oculus.VR.Scripts.Editor", "Oculus.VR.Scripts.Editor.csproj", "{3694B0B1-3A39-49C8-717B-51254C815FD9}"
EndProject
Project("{FAE04EC0-301F-11D3-BF4B-00C04F79EFBC}") = "Oculus.LipSync.Editor", "Oculus.LipSync.Editor.csproj", "{970F2185-F97B-FE02-87DB-887C1112705D}"
EndProject
Project("{FAE04EC0-301F-11D3-BF4B-00C04F79EFBC}") = "AssistantCoreSDKEditor", "AssistantCoreSDKEditor.csproj", "{0BA8ECD9-7BAF-3285-24F7-89AA57DD07D9}"
EndProject
Project("{FAE04EC0-301F-11D3-BF4B-00C04F79EFBC}") = "Oculus.AudioManager.Utils.Editor", "Oculus.AudioManager.Utils.Editor.csproj", "{32695C9D-960D-282C-0756-F22900C886BC}"
EndProject
Global
	GlobalSection(SolutionConfigurationPlatforms) = preSolution
		Debug|Any CPU = Debug|Any CPU
		Release|Any CPU = Release|Any CPU
	EndGlobalSection
	GlobalSection(ProjectConfigurationPlatforms) = postSolution
		{50ED0DB6-129B-DFDA-C506-F1DEB5FC971C}.Debug|Any CPU.ActiveCfg = Debug|Any CPU
		{50ED0DB6-129B-DFDA-C506-F1DEB5FC971C}.Debug|Any CPU.Build.0 = Debug|Any CPU
		{50ED0DB6-129B-DFDA-C506-F1DEB5FC971C}.Release|Any CPU.ActiveCfg = Release|Any CPU
		{50ED0DB6-129B-DFDA-C506-F1DEB5FC971C}.Release|Any CPU.Build.0 = Release|Any CPU
		{B113E48E-3EED-48C1-CBA7-3A95FC31973D}.Debug|Any CPU.ActiveCfg = Debug|Any CPU
		{B113E48E-3EED-48C1-CBA7-3A95FC31973D}.Debug|Any CPU.Build.0 = Debug|Any CPU
		{B113E48E-3EED-48C1-CBA7-3A95FC31973D}.Release|Any CPU.ActiveCfg = Release|Any CPU
		{B113E48E-3EED-48C1-CBA7-3A95FC31973D}.Release|Any CPU.Build.0 = Release|Any CPU
		{1D9696B7-3FDB-4817-4B6C-D411096BB62C}.Debug|Any CPU.ActiveCfg = Debug|Any CPU
		{1D9696B7-3FDB-4817-4B6C-D411096BB62C}.Debug|Any CPU.Build.0 = Debug|Any CPU
		{1D9696B7-3FDB-4817-4B6C-D411096BB62C}.Release|Any CPU.ActiveCfg = Release|Any CPU
		{1D9696B7-3FDB-4817-4B6C-D411096BB62C}.Release|Any CPU.Build.0 = Release|Any CPU
		{9206B703-62A5-08A2-03FF-B221E115C9C1}.Debug|Any CPU.ActiveCfg = Debug|Any CPU
		{9206B703-62A5-08A2-03FF-B221E115C9C1}.Debug|Any CPU.Build.0 = Debug|Any CPU
		{9206B703-62A5-08A2-03FF-B221E115C9C1}.Release|Any CPU.ActiveCfg = Release|Any CPU
		{9206B703-62A5-08A2-03FF-B221E115C9C1}.Release|Any CPU.Build.0 = Release|Any CPU
		{EF924C9F-EE9D-C37C-1E0B-368D490BAA19}.Debug|Any CPU.ActiveCfg = Debug|Any CPU
		{EF924C9F-EE9D-C37C-1E0B-368D490BAA19}.Debug|Any CPU.Build.0 = Debug|Any CPU
		{EF924C9F-EE9D-C37C-1E0B-368D490BAA19}.Release|Any CPU.ActiveCfg = Release|Any CPU
		{EF924C9F-EE9D-C37C-1E0B-368D490BAA19}.Release|Any CPU.Build.0 = Release|Any CPU
		{42EEFEDB-0D1C-94D9-52E7-E88F89A04CE8}.Debug|Any CPU.ActiveCfg = Debug|Any CPU
		{42EEFEDB-0D1C-94D9-52E7-E88F89A04CE8}.Debug|Any CPU.Build.0 = Debug|Any CPU
		{42EEFEDB-0D1C-94D9-52E7-E88F89A04CE8}.Release|Any CPU.ActiveCfg = Release|Any CPU
		{42EEFEDB-0D1C-94D9-52E7-E88F89A04CE8}.Release|Any CPU.Build.0 = Release|Any CPU
		{36861A48-420B-D43F-3B5B-C955AAEBA041}.Debug|Any CPU.ActiveCfg = Debug|Any CPU
		{36861A48-420B-D43F-3B5B-C955AAEBA041}.Debug|Any CPU.Build.0 = Debug|Any CPU
		{36861A48-420B-D43F-3B5B-C955AAEBA041}.Release|Any CPU.ActiveCfg = Release|Any CPU
		{36861A48-420B-D43F-3B5B-C955AAEBA041}.Release|Any CPU.Build.0 = Release|Any CPU
		{D46D8003-4E2E-A927-3BE8-F74C23F1165A}.Debug|Any CPU.ActiveCfg = Debug|Any CPU
		{D46D8003-4E2E-A927-3BE8-F74C23F1165A}.Debug|Any CPU.Build.0 = Debug|Any CPU
		{D46D8003-4E2E-A927-3BE8-F74C23F1165A}.Release|Any CPU.ActiveCfg = Release|Any CPU
		{D46D8003-4E2E-A927-3BE8-F74C23F1165A}.Release|Any CPU.Build.0 = Release|Any CPU
		{3DD1020E-55B4-E5A1-4ECF-1033DA41AF8F}.Debug|Any CPU.ActiveCfg = Debug|Any CPU
		{3DD1020E-55B4-E5A1-4ECF-1033DA41AF8F}.Debug|Any CPU.Build.0 = Debug|Any CPU
		{3DD1020E-55B4-E5A1-4ECF-1033DA41AF8F}.Release|Any CPU.ActiveCfg = Release|Any CPU
		{3DD1020E-55B4-E5A1-4ECF-1033DA41AF8F}.Release|Any CPU.Build.0 = Release|Any CPU
		{5C82633F-5140-E0F1-4E3C-143BDCD46E99}.Debug|Any CPU.ActiveCfg = Debug|Any CPU
		{5C82633F-5140-E0F1-4E3C-143BDCD46E99}.Debug|Any CPU.Build.0 = Debug|Any CPU
		{5C82633F-5140-E0F1-4E3C-143BDCD46E99}.Release|Any CPU.ActiveCfg = Release|Any CPU
		{5C82633F-5140-E0F1-4E3C-143BDCD46E99}.Release|Any CPU.Build.0 = Release|Any CPU
		{0095EC74-9985-D890-7217-DDFAC121AE90}.Debug|Any CPU.ActiveCfg = Debug|Any CPU
		{0095EC74-9985-D890-7217-DDFAC121AE90}.Debug|Any CPU.Build.0 = Debug|Any CPU
		{0095EC74-9985-D890-7217-DDFAC121AE90}.Release|Any CPU.ActiveCfg = Release|Any CPU
		{0095EC74-9985-D890-7217-DDFAC121AE90}.Release|Any CPU.Build.0 = Release|Any CPU
		{37B94249-DB14-06F6-070B-2E701CBFB0DB}.Debug|Any CPU.ActiveCfg = Debug|Any CPU
		{37B94249-DB14-06F6-070B-2E701CBFB0DB}.Debug|Any CPU.Build.0 = Debug|Any CPU
		{37B94249-DB14-06F6-070B-2E701CBFB0DB}.Release|Any CPU.ActiveCfg = Release|Any CPU
		{37B94249-DB14-06F6-070B-2E701CBFB0DB}.Release|Any CPU.Build.0 = Release|Any CPU
		{84A14678-E04D-2057-A90F-8F6D92D574E7}.Debug|Any CPU.ActiveCfg = Debug|Any CPU
		{84A14678-E04D-2057-A90F-8F6D92D574E7}.Debug|Any CPU.Build.0 = Debug|Any CPU
		{84A14678-E04D-2057-A90F-8F6D92D574E7}.Release|Any CPU.ActiveCfg = Release|Any CPU
		{84A14678-E04D-2057-A90F-8F6D92D574E7}.Release|Any CPU.Build.0 = Release|Any CPU
		{410AA500-C4A1-A2C0-CCBD-18F762E5C81C}.Debug|Any CPU.ActiveCfg = Debug|Any CPU
		{410AA500-C4A1-A2C0-CCBD-18F762E5C81C}.Debug|Any CPU.Build.0 = Debug|Any CPU
		{410AA500-C4A1-A2C0-CCBD-18F762E5C81C}.Release|Any CPU.ActiveCfg = Release|Any CPU
		{410AA500-C4A1-A2C0-CCBD-18F762E5C81C}.Release|Any CPU.Build.0 = Release|Any CPU
		{28C7CC77-DD90-28F7-32E9-3049575942D8}.Debug|Any CPU.ActiveCfg = Debug|Any CPU
		{28C7CC77-DD90-28F7-32E9-3049575942D8}.Debug|Any CPU.Build.0 = Debug|Any CPU
		{28C7CC77-DD90-28F7-32E9-3049575942D8}.Release|Any CPU.ActiveCfg = Release|Any CPU
		{28C7CC77-DD90-28F7-32E9-3049575942D8}.Release|Any CPU.Build.0 = Release|Any CPU
		{2FF664A4-5FFC-FE83-EEDD-5A7D707AE933}.Debug|Any CPU.ActiveCfg = Debug|Any CPU
		{2FF664A4-5FFC-FE83-EEDD-5A7D707AE933}.Debug|Any CPU.Build.0 = Debug|Any CPU
		{2FF664A4-5FFC-FE83-EEDD-5A7D707AE933}.Release|Any CPU.ActiveCfg = Release|Any CPU
		{2FF664A4-5FFC-FE83-EEDD-5A7D707AE933}.Release|Any CPU.Build.0 = Release|Any CPU
		{417BC618-3012-F495-E537-BA9D6DD89BE3}.Debug|Any CPU.ActiveCfg = Debug|Any CPU
		{417BC618-3012-F495-E537-BA9D6DD89BE3}.Debug|Any CPU.Build.0 = Debug|Any CPU
		{417BC618-3012-F495-E537-BA9D6DD89BE3}.Release|Any CPU.ActiveCfg = Release|Any CPU
		{417BC618-3012-F495-E537-BA9D6DD89BE3}.Release|Any CPU.Build.0 = Release|Any CPU
		{00BF6C4F-6C54-C88D-156E-E4F7220408D0}.Debug|Any CPU.ActiveCfg = Debug|Any CPU
		{00BF6C4F-6C54-C88D-156E-E4F7220408D0}.Debug|Any CPU.Build.0 = Debug|Any CPU
		{00BF6C4F-6C54-C88D-156E-E4F7220408D0}.Release|Any CPU.ActiveCfg = Release|Any CPU
		{00BF6C4F-6C54-C88D-156E-E4F7220408D0}.Release|Any CPU.Build.0 = Release|Any CPU
		{C1BC90C5-0963-CE01-E663-F3D9A7E20592}.Debug|Any CPU.ActiveCfg = Debug|Any CPU
		{C1BC90C5-0963-CE01-E663-F3D9A7E20592}.Debug|Any CPU.Build.0 = Debug|Any CPU
		{C1BC90C5-0963-CE01-E663-F3D9A7E20592}.Release|Any CPU.ActiveCfg = Release|Any CPU
		{C1BC90C5-0963-CE01-E663-F3D9A7E20592}.Release|Any CPU.Build.0 = Release|Any CPU
		{AE21F6E1-3760-8F06-EE55-5CCB96CF30A3}.Debug|Any CPU.ActiveCfg = Debug|Any CPU
		{AE21F6E1-3760-8F06-EE55-5CCB96CF30A3}.Debug|Any CPU.Build.0 = Debug|Any CPU
		{AE21F6E1-3760-8F06-EE55-5CCB96CF30A3}.Release|Any CPU.ActiveCfg = Release|Any CPU
		{AE21F6E1-3760-8F06-EE55-5CCB96CF30A3}.Release|Any CPU.Build.0 = Release|Any CPU
		{B2B174EE-BCE0-1319-5ACD-1FEE456F8B92}.Debug|Any CPU.ActiveCfg = Debug|Any CPU
		{B2B174EE-BCE0-1319-5ACD-1FEE456F8B92}.Debug|Any CPU.Build.0 = Debug|Any CPU
		{B2B174EE-BCE0-1319-5ACD-1FEE456F8B92}.Release|Any CPU.ActiveCfg = Release|Any CPU
		{B2B174EE-BCE0-1319-5ACD-1FEE456F8B92}.Release|Any CPU.Build.0 = Release|Any CPU
		{3694B0B1-3A39-49C8-717B-51254C815FD9}.Debug|Any CPU.ActiveCfg = Debug|Any CPU
		{3694B0B1-3A39-49C8-717B-51254C815FD9}.Debug|Any CPU.Build.0 = Debug|Any CPU
		{3694B0B1-3A39-49C8-717B-51254C815FD9}.Release|Any CPU.ActiveCfg = Release|Any CPU
		{3694B0B1-3A39-49C8-717B-51254C815FD9}.Release|Any CPU.Build.0 = Release|Any CPU
		{970F2185-F97B-FE02-87DB-887C1112705D}.Debug|Any CPU.ActiveCfg = Debug|Any CPU
		{970F2185-F97B-FE02-87DB-887C1112705D}.Debug|Any CPU.Build.0 = Debug|Any CPU
		{970F2185-F97B-FE02-87DB-887C1112705D}.Release|Any CPU.ActiveCfg = Release|Any CPU
		{970F2185-F97B-FE02-87DB-887C1112705D}.Release|Any CPU.Build.0 = Release|Any CPU
		{0BA8ECD9-7BAF-3285-24F7-89AA57DD07D9}.Debug|Any CPU.ActiveCfg = Debug|Any CPU
		{0BA8ECD9-7BAF-3285-24F7-89AA57DD07D9}.Debug|Any CPU.Build.0 = Debug|Any CPU
		{0BA8ECD9-7BAF-3285-24F7-89AA57DD07D9}.Release|Any CPU.ActiveCfg = Release|Any CPU
		{0BA8ECD9-7BAF-3285-24F7-89AA57DD07D9}.Release|Any CPU.Build.0 = Release|Any CPU
		{32695C9D-960D-282C-0756-F22900C886BC}.Debug|Any CPU.ActiveCfg = Debug|Any CPU
		{32695C9D-960D-282C-0756-F22900C886BC}.Debug|Any CPU.Build.0 = Debug|Any CPU
		{32695C9D-960D-282C-0756-F22900C886BC}.Release|Any CPU.ActiveCfg = Release|Any CPU
		{32695C9D-960D-282C-0756-F22900C886BC}.Release|Any CPU.Build.0 = Release|Any CPU
	EndGlobalSection
	GlobalSection(SolutionProperties) = preSolution
		HideSolutionNode = FALSE
	EndGlobalSection
EndGlobal
